// !$*UTF8*$!
{
	archiveVersion = 1;
	classes = {
	};
	objectVersion = 55;
	objects = {

/* Begin PBXBuildFile section */
		D77111952854AC7400C7C38F /* DishesView.swift in Sources */ = {isa = PBXBuildFile; fileRef = D77111942854AC7400C7C38F /* DishesView.swift */; };
		D7B5CEDF28547BA700C4C97A /* Launch Screen.storyboard in Resources */ = {isa = PBXBuildFile; fileRef = D7B5CEDE28547BA700C4C97A /* Launch Screen.storyboard */; };
		D7B5CEE4285480D400C4C97A /* AvocadosView.swift in Sources */ = {isa = PBXBuildFile; fileRef = D7B5CEE3285480D400C4C97A /* AvocadosView.swift */; };
		D7B5CEE6285480EF00C4C97A /* RipeningStagesView.swift in Sources */ = {isa = PBXBuildFile; fileRef = D7B5CEE5285480EF00C4C97A /* RipeningStagesView.swift */; };
		D7B5CEE8285480FE00C4C97A /* SettingsView.swift in Sources */ = {isa = PBXBuildFile; fileRef = D7B5CEE7285480FE00C4C97A /* SettingsView.swift */; };
		D7B5CEEA2854810F00C4C97A /* AppView.swift in Sources */ = {isa = PBXBuildFile; fileRef = D7B5CEE92854810F00C4C97A /* AppView.swift */; };
		D7B5CEEC28548CA000C4C97A /* HeaderView.swift in Sources */ = {isa = PBXBuildFile; fileRef = D7B5CEEB28548CA000C4C97A /* HeaderView.swift */; };
		D7B5CEEE285492D900C4C97A /* HeaderModel.swift in Sources */ = {isa = PBXBuildFile; fileRef = D7B5CEED285492D900C4C97A /* HeaderModel.swift */; };
		D7B5CEF02854931000C4C97A /* HeaderData.swift in Sources */ = {isa = PBXBuildFile; fileRef = D7B5CEEF2854931000C4C97A /* HeaderData.swift */; };
		D7F2EBC428544CAA00B561A3 /* AvocadosApp.swift in Sources */ = {isa = PBXBuildFile; fileRef = D7F2EBC328544CAA00B561A3 /* AvocadosApp.swift */; };
		D7F2EBC628544CAA00B561A3 /* ContentView.swift in Sources */ = {isa = PBXBuildFile; fileRef = D7F2EBC528544CAA00B561A3 /* ContentView.swift */; };
		D7F2EBC828544CAE00B561A3 /* Assets.xcassets in Resources */ = {isa = PBXBuildFile; fileRef = D7F2EBC728544CAE00B561A3 /* Assets.xcassets */; };
		D7F2EBCB28544CAE00B561A3 /* Preview Assets.xcassets in Resources */ = {isa = PBXBuildFile; fileRef = D7F2EBCA28544CAE00B561A3 /* Preview Assets.xcassets */; };
/* End PBXBuildFile section */

/* Begin PBXFileReference section */
		D77111942854AC7400C7C38F /* DishesView.swift */ = {isa = PBXFileReference; lastKnownFileType = sourcecode.swift; path = DishesView.swift; sourceTree = "<group>"; };
		D7B5CEDE28547BA700C4C97A /* Launch Screen.storyboard */ = {isa = PBXFileReference; lastKnownFileType = file.storyboard; path = "Launch Screen.storyboard"; sourceTree = "<group>"; };
		D7B5CEE3285480D400C4C97A /* AvocadosView.swift */ = {isa = PBXFileReference; lastKnownFileType = sourcecode.swift; path = AvocadosView.swift; sourceTree = "<group>"; };
		D7B5CEE5285480EF00C4C97A /* RipeningStagesView.swift */ = {isa = PBXFileReference; lastKnownFileType = sourcecode.swift; path = RipeningStagesView.swift; sourceTree = "<group>"; };
		D7B5CEE7285480FE00C4C97A /* SettingsView.swift */ = {isa = PBXFileReference; lastKnownFileType = sourcecode.swift; path = SettingsView.swift; sourceTree = "<group>"; };
		D7B5CEE92854810F00C4C97A /* AppView.swift */ = {isa = PBXFileReference; lastKnownFileType = sourcecode.swift; path = AppView.swift; sourceTree = "<group>"; };
		D7B5CEEB28548CA000C4C97A /* HeaderView.swift */ = {isa = PBXFileReference; lastKnownFileType = sourcecode.swift; path = HeaderView.swift; sourceTree = "<group>"; };
		D7B5CEED285492D900C4C97A /* HeaderModel.swift */ = {isa = PBXFileReference; lastKnownFileType = sourcecode.swift; path = HeaderModel.swift; sourceTree = "<group>"; };
		D7B5CEEF2854931000C4C97A /* HeaderData.swift */ = {isa = PBXFileReference; lastKnownFileType = sourcecode.swift; path = HeaderData.swift; sourceTree = "<group>"; };
		D7F2EBC028544CAA00B561A3 /* Avocados.app */ = {isa = PBXFileReference; explicitFileType = wrapper.application; includeInIndex = 0; path = Avocados.app; sourceTree = BUILT_PRODUCTS_DIR; };
		D7F2EBC328544CAA00B561A3 /* AvocadosApp.swift */ = {isa = PBXFileReference; lastKnownFileType = sourcecode.swift; path = AvocadosApp.swift; sourceTree = "<group>"; };
		D7F2EBC528544CAA00B561A3 /* ContentView.swift */ = {isa = PBXFileReference; lastKnownFileType = sourcecode.swift; path = ContentView.swift; sourceTree = "<group>"; };
		D7F2EBC728544CAE00B561A3 /* Assets.xcassets */ = {isa = PBXFileReference; lastKnownFileType = folder.assetcatalog; path = Assets.xcassets; sourceTree = "<group>"; };
		D7F2EBCA28544CAE00B561A3 /* Preview Assets.xcassets */ = {isa = PBXFileReference; lastKnownFileType = folder.assetcatalog; path = "Preview Assets.xcassets"; sourceTree = "<group>"; };
/* End PBXFileReference section */

/* Begin PBXFrameworksBuildPhase section */
		D7F2EBBD28544CAA00B561A3 /* Frameworks */ = {
			isa = PBXFrameworksBuildPhase;
			buildActionMask = 2147483647;
			files = (
			);
			runOnlyForDeploymentPostprocessing = 0;
		};
/* End PBXFrameworksBuildPhase section */

/* Begin PBXGroup section */
		D7B5CEE02854808100C4C97A /* Model */ = {
			isa = PBXGroup;
			children = (
				D7B5CEED285492D900C4C97A /* HeaderModel.swift */,
			);
			path = Model;
			sourceTree = "<group>";
		};
		D7B5CEE12854808C00C4C97A /* Data */ = {
			isa = PBXGroup;
			children = (
				D7B5CEEF2854931000C4C97A /* HeaderData.swift */,
			);
			path = Data;
			sourceTree = "<group>";
		};
		D7B5CEE22854809200C4C97A /* View */ = {
			isa = PBXGroup;
			children = (
				D7F2EBC528544CAA00B561A3 /* ContentView.swift */,
				D7B5CEE3285480D400C4C97A /* AvocadosView.swift */,
				D7B5CEE5285480EF00C4C97A /* RipeningStagesView.swift */,
				D7B5CEE7285480FE00C4C97A /* SettingsView.swift */,
				D7B5CEE92854810F00C4C97A /* AppView.swift */,
				D7B5CEEB28548CA000C4C97A /* HeaderView.swift */,
				D77111942854AC7400C7C38F /* DishesView.swift */,
			);
			path = View;
			sourceTree = "<group>";
		};
		D7F2EBB728544CA900B561A3 = {
			isa = PBXGroup;
			children = (
				D7F2EBC228544CAA00B561A3 /* Avocados */,
				D7F2EBC128544CAA00B561A3 /* Products */,
			);
			sourceTree = "<group>";
		};
		D7F2EBC128544CAA00B561A3 /* Products */ = {
			isa = PBXGroup;
			children = (
				D7F2EBC028544CAA00B561A3 /* Avocados.app */,
			);
			name = Products;
			sourceTree = "<group>";
		};
		D7F2EBC228544CAA00B561A3 /* Avocados */ = {
			isa = PBXGroup;
			children = (
				D7B5CEE22854809200C4C97A /* View */,
				D7B5CEE02854808100C4C97A /* Model */,
				D7B5CEE12854808C00C4C97A /* Data */,
				D7F2EBC328544CAA00B561A3 /* AvocadosApp.swift */,
				D7F2EBC728544CAE00B561A3 /* Assets.xcassets */,
				D7B5CEDE28547BA700C4C97A /* Launch Screen.storyboard */,
				D7F2EBC928544CAE00B561A3 /* Preview Content */,
			);
			path = Avocados;
			sourceTree = "<group>";
		};
		D7F2EBC928544CAE00B561A3 /* Preview Content */ = {
			isa = PBXGroup;
			children = (
				D7F2EBCA28544CAE00B561A3 /* Preview Assets.xcassets */,
			);
			path = "Preview Content";
			sourceTree = "<group>";
		};
/* End PBXGroup section */

/* Begin PBXNativeTarget section */
		D7F2EBBF28544CAA00B561A3 /* Avocados */ = {
			isa = PBXNativeTarget;
			buildConfigurationList = D7F2EBCE28544CAE00B561A3 /* Build configuration list for PBXNativeTarget "Avocados" */;
			buildPhases = (
				D7F2EBBC28544CAA00B561A3 /* Sources */,
				D7F2EBBD28544CAA00B561A3 /* Frameworks */,
				D7F2EBBE28544CAA00B561A3 /* Resources */,
			);
			buildRules = (
			);
			dependencies = (
			);
			name = Avocados;
			productName = Avocados;
			productReference = D7F2EBC028544CAA00B561A3 /* Avocados.app */;
			productType = "com.apple.product-type.application";
		};
/* End PBXNativeTarget section */

/* Begin PBXProject section */
		D7F2EBB828544CA900B561A3 /* Project object */ = {
			isa = PBXProject;
			attributes = {
				BuildIndependentTargetsInParallel = 1;
				LastSwiftUpdateCheck = 1320;
				LastUpgradeCheck = 1320;
				TargetAttributes = {
					D7F2EBBF28544CAA00B561A3 = {
						CreatedOnToolsVersion = 13.2.1;
					};
				};
			};
			buildConfigurationList = D7F2EBBB28544CA900B561A3 /* Build configuration list for PBXProject "Avocados" */;
			compatibilityVersion = "Xcode 13.0";
			developmentRegion = en;
			hasScannedForEncodings = 0;
			knownRegions = (
				en,
				Base,
			);
			mainGroup = D7F2EBB728544CA900B561A3;
			productRefGroup = D7F2EBC128544CAA00B561A3 /* Products */;
			projectDirPath = "";
			projectRoot = "";
			targets = (
				D7F2EBBF28544CAA00B561A3 /* Avocados */,
			);
		};
/* End PBXProject section */

/* Begin PBXResourcesBuildPhase section */
		D7F2EBBE28544CAA00B561A3 /* Resources */ = {
			isa = PBXResourcesBuildPhase;
			buildActionMask = 2147483647;
			files = (
				D7B5CEDF28547BA700C4C97A /* Launch Screen.storyboard in Resources */,
				D7F2EBCB28544CAE00B561A3 /* Preview Assets.xcassets in Resources */,
				D7F2EBC828544CAE00B561A3 /* Assets.xcassets in Resources */,
			);
			runOnlyForDeploymentPostprocessing = 0;
		};
/* End PBXResourcesBuildPhase section */

/* Begin PBXSourcesBuildPhase section */
		D7F2EBBC28544CAA00B561A3 /* Sources */ = {
			isa = PBXSourcesBuildPhase;
			buildActionMask = 2147483647;
			files = (
				D7B5CEE8285480FE00C4C97A /* SettingsView.swift in Sources */,
				D7F2EBC628544CAA00B561A3 /* ContentView.swift in Sources */,
				D7B5CEEA2854810F00C4C97A /* AppView.swift in Sources */,
				D7B5CEE6285480EF00C4C97A /* RipeningStagesView.swift in Sources */,
				D7F2EBC428544CAA00B561A3 /* AvocadosApp.swift in Sources */,
				D7B5CEE4285480D400C4C97A /* AvocadosView.swift in Sources */,
				D7B5CEEE285492D900C4C97A /* HeaderModel.swift in Sources */,
				D7B5CEF02854931000C4C97A /* HeaderData.swift in Sources */,
				D77111952854AC7400C7C38F /* DishesView.swift in Sources */,
				D7B5CEEC28548CA000C4C97A /* HeaderView.swift in Sources */,
			);
			runOnlyForDeploymentPostprocessing = 0;
		};
/* End PBXSourcesBuildPhase section */

/* Begin XCBuildConfiguration section */
		D7F2EBCC28544CAE00B561A3 /* Debug */ = {
			isa = XCBuildConfiguration;
			buildSettings = {
				ALWAYS_SEARCH_USER_PATHS = NO;
				CLANG_ANALYZER_NONNULL = YES;
				CLANG_ANALYZER_NUMBER_OBJECT_CONVERSION = YES_AGGRESSIVE;
				CLANG_CXX_LANGUAGE_STANDARD = "gnu++17";
				CLANG_CXX_LIBRARY = "libc++";
				CLANG_ENABLE_MODULES = YES;
				CLANG_ENABLE_OBJC_ARC = YES;
				CLANG_ENABLE_OBJC_WEAK = YES;
				CLANG_WARN_BLOCK_CAPTURE_AUTORELEASING = YES;
				CLANG_WARN_BOOL_CONVERSION = YES;
				CLANG_WARN_COMMA = YES;
				CLANG_WARN_CONSTANT_CONVERSION = YES;
				CLANG_WARN_DEPRECATED_OBJC_IMPLEMENTATIONS = YES;
				CLANG_WARN_DIRECT_OBJC_ISA_USAGE = YES_ERROR;
				CLANG_WARN_DOCUMENTATION_COMMENTS = YES;
				CLANG_WARN_EMPTY_BODY = YES;
				CLANG_WARN_ENUM_CONVERSION = YES;
				CLANG_WARN_INFINITE_RECURSION = YES;
				CLANG_WARN_INT_CONVERSION = YES;
				CLANG_WARN_NON_LITERAL_NULL_CONVERSION = YES;
				CLANG_WARN_OBJC_IMPLICIT_RETAIN_SELF = YES;
				CLANG_WARN_OBJC_LITERAL_CONVERSION = YES;
				CLANG_WARN_OBJC_ROOT_CLASS = YES_ERROR;
				CLANG_WARN_QUOTED_INCLUDE_IN_FRAMEWORK_HEADER = YES;
				CLANG_WARN_RANGE_LOOP_ANALYSIS = YES;
				CLANG_WARN_STRICT_PROTOTYPES = YES;
				CLANG_WARN_SUSPICIOUS_MOVE = YES;
				CLANG_WARN_UNGUARDED_AVAILABILITY = YES_AGGRESSIVE;
				CLANG_WARN_UNREACHABLE_CODE = YES;
				CLANG_WARN__DUPLICATE_METHOD_MATCH = YES;
				COPY_PHASE_STRIP = NO;
				DEBUG_INFORMATION_FORMAT = dwarf;
				ENABLE_STRICT_OBJC_MSGSEND = YES;
				ENABLE_TESTABILITY = YES;
				GCC_C_LANGUAGE_STANDARD = gnu11;
				GCC_DYNAMIC_NO_PIC = NO;
				GCC_NO_COMMON_BLOCKS = YES;
				GCC_OPTIMIZATION_LEVEL = 0;
				GCC_PREPROCESSOR_DEFINITIONS = (
					"DEBUG=1",
					"$(inherited)",
				);
				GCC_WARN_64_TO_32_BIT_CONVERSION = YES;
				GCC_WARN_ABOUT_RETURN_TYPE = YES_ERROR;
				GCC_WARN_UNDECLARED_SELECTOR = YES;
				GCC_WARN_UNINITIALIZED_AUTOS = YES_AGGRESSIVE;
				GCC_WARN_UNUSED_FUNCTION = YES;
				GCC_WARN_UNUSED_VARIABLE = YES;
				IPHONEOS_DEPLOYMENT_TARGET = 15.2;
				MTL_ENABLE_DEBUG_INFO = INCLUDE_SOURCE;
				MTL_FAST_MATH = YES;
				ONLY_ACTIVE_ARCH = YES;
				SDKROOT = iphoneos;
				SWIFT_ACTIVE_COMPILATION_CONDITIONS = DEBUG;
				SWIFT_OPTIMIZATION_LEVEL = "-Onone";
			};
			name = Debug;
		};
		D7F2EBCD28544CAE00B561A3 /* Release */ = {
			isa = XCBuildConfiguration;
			buildSettings = {
				ALWAYS_SEARCH_USER_PATHS = NO;
				CLANG_ANALYZER_NONNULL = YES;
				CLANG_ANALYZER_NUMBER_OBJECT_CONVERSION = YES_AGGRESSIVE;
				CLANG_CXX_LANGUAGE_STANDARD = "gnu++17";
				CLANG_CXX_LIBRARY = "libc++";
				CLANG_ENABLE_MODULES = YES;
				CLANG_ENABLE_OBJC_ARC = YES;
				CLANG_ENABLE_OBJC_WEAK = YES;
				CLANG_WARN_BLOCK_CAPTURE_AUTORELEASING = YES;
				CLANG_WARN_BOOL_CONVERSION = YES;
				CLANG_WARN_COMMA = YES;
				CLANG_WARN_CONSTANT_CONVERSION = YES;
				CLANG_WARN_DEPRECATED_OBJC_IMPLEMENTATIONS = YES;
				CLANG_WARN_DIRECT_OBJC_ISA_USAGE = YES_ERROR;
				CLANG_WARN_DOCUMENTATION_COMMENTS = YES;
				CLANG_WARN_EMPTY_BODY = YES;
				CLANG_WARN_ENUM_CONVERSION = YES;
				CLANG_WARN_INFINITE_RECURSION = YES;
				CLANG_WARN_INT_CONVERSION = YES;
				CLANG_WARN_NON_LITERAL_NULL_CONVERSION = YES;
				CLANG_WARN_OBJC_IMPLICIT_RETAIN_SELF = YES;
				CLANG_WARN_OBJC_LITERAL_CONVERSION = YES;
				CLANG_WARN_OBJC_ROOT_CLASS = YES_ERROR;
				CLANG_WARN_QUOTED_INCLUDE_IN_FRAMEWORK_HEADER = YES;
				CLANG_WARN_RANGE_LOOP_ANALYSIS = YES;
				CLANG_WARN_STRICT_PROTOTYPES = YES;
				CLANG_WARN_SUSPICIOUS_MOVE = YES;
				CLANG_WARN_UNGUARDED_AVAILABILITY = YES_AGGRESSIVE;
				CLANG_WARN_UNREACHABLE_CODE = YES;
				CLANG_WARN__DUPLICATE_METHOD_MATCH = YES;
				COPY_PHASE_STRIP = NO;
				DEBUG_INFORMATION_FORMAT = "dwarf-with-dsym";
				ENABLE_NS_ASSERTIONS = NO;
				ENABLE_STRICT_OBJC_MSGSEND = YES;
				GCC_C_LANGUAGE_STANDARD = gnu11;
				GCC_NO_COMMON_BLOCKS = YES;
				GCC_WARN_64_TO_32_BIT_CONVERSION = YES;
				GCC_WARN_ABOUT_RETURN_TYPE = YES_ERROR;
				GCC_WARN_UNDECLARED_SELECTOR = YES;
				GCC_WARN_UNINITIALIZED_AUTOS = YES_AGGRESSIVE;
				GCC_WARN_UNUSED_FUNCTION = YES;
				GCC_WARN_UNUSED_VARIABLE = YES;
				IPHONEOS_DEPLOYMENT_TARGET = 15.2;
				MTL_ENABLE_DEBUG_INFO = NO;
				MTL_FAST_MATH = YES;
				SDKROOT = iphoneos;
				SWIFT_COMPILATION_MODE = wholemodule;
				SWIFT_OPTIMIZATION_LEVEL = "-O";
				VALIDATE_PRODUCT = YES;
			};
			name = Release;
		};
		D7F2EBCF28544CAE00B561A3 /* Debug */ = {
			isa = XCBuildConfiguration;
			buildSettings = {
				ASSETCATALOG_COMPILER_APPICON_NAME = AppIcon;
				ASSETCATALOG_COMPILER_GLOBAL_ACCENT_COLOR_NAME = AccentColor;
				CODE_SIGN_STYLE = Automatic;
				CURRENT_PROJECT_VERSION = 1;
				DEVELOPMENT_ASSET_PATHS = "\"Avocados/Preview Content\"";
				DEVELOPMENT_TEAM = 472KCYDC2N;
				ENABLE_PREVIEWS = YES;
				GENERATE_INFOPLIST_FILE = YES;
				INFOPLIST_KEY_UIApplicationSceneManifest_Generation = YES;
				INFOPLIST_KEY_UIApplicationSupportsIndirectInputEvents = YES;
				INFOPLIST_KEY_UILaunchScreen_Generation = YES;
				INFOPLIST_KEY_UILaunchStoryboardName = "Launch Screen";
				INFOPLIST_KEY_UISupportedInterfaceOrientations = UIInterfaceOrientationPortrait;
				INFOPLIST_KEY_UISupportedInterfaceOrientations_iPad = "UIInterfaceOrientationPortrait UIInterfaceOrientationPortraitUpsideDown UIInterfaceOrientationLandscapeLeft UIInterfaceOrientationLandscapeRight";
				INFOPLIST_KEY_UISupportedInterfaceOrientations_iPhone = "UIInterfaceOrientationPortrait UIInterfaceOrientationLandscapeLeft UIInterfaceOrientationLandscapeRight";
				LD_RUNPATH_SEARCH_PATHS = (
					"$(inherited)",
					"@executable_path/Frameworks",
				);
				MARKETING_VERSION = 1.0;
				PRODUCT_BUNDLE_IDENTIFIER = com.tinonsoftware.Avocados;
				PRODUCT_NAME = "$(TARGET_NAME)";
				SWIFT_EMIT_LOC_STRINGS = YES;
				SWIFT_VERSION = 5.0;
				TARGETED_DEVICE_FAMILY = "1,2";
			};
			name = Debug;
		};
		D7F2EBD028544CAE00B561A3 /* Release */ = {
			isa = XCBuildConfiguration;
			buildSettings = {
				ASSETCATALOG_COMPILER_APPICON_NAME = AppIcon;
				ASSETCATALOG_COMPILER_GLOBAL_ACCENT_COLOR_NAME = AccentColor;
				CODE_SIGN_STYLE = Automatic;
				CURRENT_PROJECT_VERSION = 1;
				DEVELOPMENT_ASSET_PATHS = "\"Avocados/Preview Content\"";
				DEVELOPMENT_TEAM = 472KCYDC2N;
				ENABLE_PREVIEWS = YES;
				GENERATE_INFOPLIST_FILE = YES;
				INFOPLIST_KEY_UIApplicationSceneManifest_Generation = YES;
				INFOPLIST_KEY_UIApplicationSupportsIndirectInputEvents = YES;
				INFOPLIST_KEY_UILaunchScreen_Generation = YES;
				INFOPLIST_KEY_UILaunchStoryboardName = "Launch Screen";
				INFOPLIST_KEY_UISupportedInterfaceOrientations = UIInterfaceOrientationPortrait;
				INFOPLIST_KEY_UISupportedInterfaceOrientations_iPad = "UIInterfaceOrientationPortrait UIInterfaceOrientationPortraitUpsideDown UIInterfaceOrientationLandscapeLeft UIInterfaceOrientationLandscapeRight";
				INFOPLIST_KEY_UISupportedInterfaceOrientations_iPhone = "UIInterfaceOrientationPortrait UIInterfaceOrientationLandscapeLeft UIInterfaceOrientationLandscapeRight";
				LD_RUNPATH_SEARCH_PATHS = (
					"$(inherited)",
					"@executable_path/Frameworks",
				);
				MARKETING_VERSION = 1.0;
				PRODUCT_BUNDLE_IDENTIFIER = com.tinonsoftware.Avocados;
				PRODUCT_NAME = "$(TARGET_NAME)";
				SWIFT_EMIT_LOC_STRINGS = YES;
				SWIFT_VERSION = 5.0;
				TARGETED_DEVICE_FAMILY = "1,2";
			};
			name = Release;
		};
/* End XCBuildConfiguration section */

/* Begin XCConfigurationList section */
		D7F2EBBB28544CA900B561A3 /* Build configuration list for PBXProject "Avocados" */ = {
			isa = XCConfigurationList;
			buildConfigurations = (
				D7F2EBCC28544CAE00B561A3 /* Debug */,
				D7F2EBCD28544CAE00B561A3 /* Release */,
			);
			defaultConfigurationIsVisible = 0;
			defaultConfigurationName = Release;
		};
		D7F2EBCE28544CAE00B561A3 /* Build configuration list for PBXNativeTarget "Avocados" */ = {
			isa = XCConfigurationList;
			buildConfigurations = (
				D7F2EBCF28544CAE00B561A3 /* Debug */,
				D7F2EBD028544CAE00B561A3 /* Release */,
			);
			defaultConfigurationIsVisible = 0;
			defaultConfigurationName = Release;
		};
/* End XCConfigurationList section */
	};
	rootObject = D7F2EBB828544CA900B561A3 /* Project object */;
}
